
Microsoft Visual Studio Solution File, Format Version 12.00
# Visual Studio Version 17
VisualStudioVersion = 17.4.33110.190
MinimumVisualStudioVersion = 10.0.40219.1
Project("{FAE04EC0-301F-11D3-BF4B-00C04F79EFBC}") = "Console App", "Console App\Console App.csproj", "{B66A3C6D-7DEF-44C9-91A5-A773E18FBDFD}"
EndProject
Global
	GlobalSection(SolutionConfigurationPlatforms) = preSolution
		Debug|Any CPU = Debug|Any CPU
		Release|Any CPU = Release|Any CPU
	EndGlobalSection
	GlobalSection(ProjectConfigurationPlatforms) = postSolution
		{B66A3C6D-7DEF-44C9-91A5-A773E18FBDFD}.Debug|Any CPU.ActiveCfg = Debug|Any CPU
		{B66A3C6D-7DEF-44C9-91A5-A773E18FBDFD}.Debug|Any CPU.Build.0 = Debug|Any CPU
		{B66A3C6D-7DEF-44C9-91A5-A773E18FBDFD}.Release|Any CPU.ActiveCfg = Release|Any CPU
		{B66A3C6D-7DEF-44C9-91A5-A773E18FBDFD}.Release|Any CPU.Build.0 = Release|Any CPU
	EndGlobalSection
	GlobalSection(SolutionProperties) = preSolution
		HideSolutionNode = FALSE
	EndGlobalSection
	GlobalSection(ExtensibilityGlobals) = postSolution
		SolutionGuid = {F46653D1-8ADA-415F-9911-DFEAB6BFB6BC}
	EndGlobalSection
EndGlobal
